
Microsoft Visual Studio Solution File, Format Version 12.00
# Visual Studio Version 17
VisualStudioVersion = 17.6.33723.286
MinimumVisualStudioVersion = 10.0.40219.1
Project("{2150E333-8FDC-42A3-9474-1A3956D46DE8}") = "Creational Patern", "Creational Patern", "{A8A4B1BB-B35F-4415-9CD3-5D04B970C6FD}"
EndProject
Project("{9A19103F-16F7-4668-BE54-9A1E7A4F7556}") = "Pattern Singleton", "Pattern Singleton\Pattern Singleton.csproj", "{5188636C-BAD3-4970-9463-84B1CC893569}"
EndProject
Project("{9A19103F-16F7-4668-BE54-9A1E7A4F7556}") = "Factory Method", "Factory Method\Factory Method.csproj", "{D1A30FB5-73A1-4466-8F8E-2B1A578388A8}"
EndProject
Project("{9A19103F-16F7-4668-BE54-9A1E7A4F7556}") = "Abstract Factory", "Abstract Factory\Abstract Factory.csproj", "{EA855541-1EFB-4136-8A14-910F446E630F}"
EndProject
Project("{9A19103F-16F7-4668-BE54-9A1E7A4F7556}") = "Prototype", "Prototype\Prototype.csproj", "{414338B1-8FE1-4EC0-B7A7-1C127936A2B3}"
EndProject
Project("{9A19103F-16F7-4668-BE54-9A1E7A4F7556}") = "Builder", "Builder\Builder.csproj", "{8231AFA8-82FC-4D72-9024-0326EF4427BC}"
EndProject
Project("{9A19103F-16F7-4668-BE54-9A1E7A4F7556}") = "Pool", "Pool\Pool.csproj", "{B2882935-928C-4627-B784-630C4887F2C3}"
EndProject
Project("{2150E333-8FDC-42A3-9474-1A3956D46DE8}") = "Structural Patterns", "Structural Patterns", "{6EB0F37B-4561-4E4E-9F0B-6F6EF5B19E4A}"
EndProject
Project("{9A19103F-16F7-4668-BE54-9A1E7A4F7556}") = "Adapter", "Adapter\Adapter.csproj", "{AF044CB8-31EC-4569-BF00-7A91B2156E48}"
EndProject
Project("{9A19103F-16F7-4668-BE54-9A1E7A4F7556}") = "Bridege", "bridege\Bridege.csproj", "{A9B75505-70C7-4477-8CF5-AF2044CBAD3D}"
EndProject
Project("{9A19103F-16F7-4668-BE54-9A1E7A4F7556}") = "Composite", "Composite\Composite.csproj", "{7BB88201-E9CA-4346-AE1A-9C7E68C0A573}"
EndProject
Project("{9A19103F-16F7-4668-BE54-9A1E7A4F7556}") = "Decorator", "Decorator\Decorator.csproj", "{E20ED4AC-A55C-4F5C-9FAB-09AEC6173E19}"
EndProject
Project("{FAE04EC0-301F-11D3-BF4B-00C04F79EFBC}") = "Facade", "Facade\Facade.csproj", "{B2F929CA-187C-409F-A4F6-814FE883ACC0}"
EndProject
Project("{FAE04EC0-301F-11D3-BF4B-00C04F79EFBC}") = "Flyweight", "Flyweight\Flyweight.csproj", "{36978868-340E-413A-B79F-1C4554BAD7B0}"
EndProject
Project("{FAE04EC0-301F-11D3-BF4B-00C04F79EFBC}") = "Proxy", "Proxy\Proxy.csproj", "{749718DB-760A-4E6D-BDC6-72ED08E3155F}"
EndProject
Global
	GlobalSection(SolutionConfigurationPlatforms) = preSolution
		Debug|Any CPU = Debug|Any CPU
		Release|Any CPU = Release|Any CPU
	EndGlobalSection
	GlobalSection(ProjectConfigurationPlatforms) = postSolution
		{5188636C-BAD3-4970-9463-84B1CC893569}.Debug|Any CPU.ActiveCfg = Debug|Any CPU
		{5188636C-BAD3-4970-9463-84B1CC893569}.Debug|Any CPU.Build.0 = Debug|Any CPU
		{5188636C-BAD3-4970-9463-84B1CC893569}.Release|Any CPU.ActiveCfg = Release|Any CPU
		{5188636C-BAD3-4970-9463-84B1CC893569}.Release|Any CPU.Build.0 = Release|Any CPU
		{D1A30FB5-73A1-4466-8F8E-2B1A578388A8}.Debug|Any CPU.ActiveCfg = Debug|Any CPU
		{D1A30FB5-73A1-4466-8F8E-2B1A578388A8}.Debug|Any CPU.Build.0 = Debug|Any CPU
		{D1A30FB5-73A1-4466-8F8E-2B1A578388A8}.Release|Any CPU.ActiveCfg = Release|Any CPU
		{D1A30FB5-73A1-4466-8F8E-2B1A578388A8}.Release|Any CPU.Build.0 = Release|Any CPU
		{EA855541-1EFB-4136-8A14-910F446E630F}.Debug|Any CPU.ActiveCfg = Debug|Any CPU
		{EA855541-1EFB-4136-8A14-910F446E630F}.Debug|Any CPU.Build.0 = Debug|Any CPU
		{EA855541-1EFB-4136-8A14-910F446E630F}.Release|Any CPU.ActiveCfg = Release|Any CPU
		{EA855541-1EFB-4136-8A14-910F446E630F}.Release|Any CPU.Build.0 = Release|Any CPU
		{414338B1-8FE1-4EC0-B7A7-1C127936A2B3}.Debug|Any CPU.ActiveCfg = Debug|Any CPU
		{414338B1-8FE1-4EC0-B7A7-1C127936A2B3}.Debug|Any CPU.Build.0 = Debug|Any CPU
		{414338B1-8FE1-4EC0-B7A7-1C127936A2B3}.Release|Any CPU.ActiveCfg = Release|Any CPU
		{414338B1-8FE1-4EC0-B7A7-1C127936A2B3}.Release|Any CPU.Build.0 = Release|Any CPU
		{8231AFA8-82FC-4D72-9024-0326EF4427BC}.Debug|Any CPU.ActiveCfg = Debug|Any CPU
		{8231AFA8-82FC-4D72-9024-0326EF4427BC}.Debug|Any CPU.Build.0 = Debug|Any CPU
		{8231AFA8-82FC-4D72-9024-0326EF4427BC}.Release|Any CPU.ActiveCfg = Release|Any CPU
		{8231AFA8-82FC-4D72-9024-0326EF4427BC}.Release|Any CPU.Build.0 = Release|Any CPU
		{B2882935-928C-4627-B784-630C4887F2C3}.Debug|Any CPU.ActiveCfg = Debug|Any CPU
		{B2882935-928C-4627-B784-630C4887F2C3}.Debug|Any CPU.Build.0 = Debug|Any CPU
		{B2882935-928C-4627-B784-630C4887F2C3}.Release|Any CPU.ActiveCfg = Release|Any CPU
		{B2882935-928C-4627-B784-630C4887F2C3}.Release|Any CPU.Build.0 = Release|Any CPU
		{AF044CB8-31EC-4569-BF00-7A91B2156E48}.Debug|Any CPU.ActiveCfg = Debug|Any CPU
		{AF044CB8-31EC-4569-BF00-7A91B2156E48}.Debug|Any CPU.Build.0 = Debug|Any CPU
		{AF044CB8-31EC-4569-BF00-7A91B2156E48}.Release|Any CPU.ActiveCfg = Release|Any CPU
		{AF044CB8-31EC-4569-BF00-7A91B2156E48}.Release|Any CPU.Build.0 = Release|Any CPU
		{A9B75505-70C7-4477-8CF5-AF2044CBAD3D}.Debug|Any CPU.ActiveCfg = Debug|Any CPU
		{A9B75505-70C7-4477-8CF5-AF2044CBAD3D}.Debug|Any CPU.Build.0 = Debug|Any CPU
		{A9B75505-70C7-4477-8CF5-AF2044CBAD3D}.Release|Any CPU.ActiveCfg = Release|Any CPU
		{A9B75505-70C7-4477-8CF5-AF2044CBAD3D}.Release|Any CPU.Build.0 = Release|Any CPU
		{7BB88201-E9CA-4346-AE1A-9C7E68C0A573}.Debug|Any CPU.ActiveCfg = Debug|Any CPU
		{7BB88201-E9CA-4346-AE1A-9C7E68C0A573}.Debug|Any CPU.Build.0 = Debug|Any CPU
		{7BB88201-E9CA-4346-AE1A-9C7E68C0A573}.Release|Any CPU.ActiveCfg = Release|Any CPU
		{7BB88201-E9CA-4346-AE1A-9C7E68C0A573}.Release|Any CPU.Build.0 = Release|Any CPU
		{E20ED4AC-A55C-4F5C-9FAB-09AEC6173E19}.Debug|Any CPU.ActiveCfg = Debug|Any CPU
		{E20ED4AC-A55C-4F5C-9FAB-09AEC6173E19}.Debug|Any CPU.Build.0 = Debug|Any CPU
		{E20ED4AC-A55C-4F5C-9FAB-09AEC6173E19}.Release|Any CPU.ActiveCfg = Release|Any CPU
		{E20ED4AC-A55C-4F5C-9FAB-09AEC6173E19}.Release|Any CPU.Build.0 = Release|Any CPU
		{B2F929CA-187C-409F-A4F6-814FE883ACC0}.Debug|Any CPU.ActiveCfg = Debug|Any CPU
		{B2F929CA-187C-409F-A4F6-814FE883ACC0}.Debug|Any CPU.Build.0 = Debug|Any CPU
		{B2F929CA-187C-409F-A4F6-814FE883ACC0}.Release|Any CPU.ActiveCfg = Release|Any CPU
		{B2F929CA-187C-409F-A4F6-814FE883ACC0}.Release|Any CPU.Build.0 = Release|Any CPU
		{36978868-340E-413A-B79F-1C4554BAD7B0}.Debug|Any CPU.ActiveCfg = Debug|Any CPU
		{36978868-340E-413A-B79F-1C4554BAD7B0}.Debug|Any CPU.Build.0 = Debug|Any CPU
		{36978868-340E-413A-B79F-1C4554BAD7B0}.Release|Any CPU.ActiveCfg = Release|Any CPU
		{36978868-340E-413A-B79F-1C4554BAD7B0}.Release|Any CPU.Build.0 = Release|Any CPU
		{749718DB-760A-4E6D-BDC6-72ED08E3155F}.Debug|Any CPU.ActiveCfg = Debug|Any CPU
		{749718DB-760A-4E6D-BDC6-72ED08E3155F}.Debug|Any CPU.Build.0 = Debug|Any CPU
		{749718DB-760A-4E6D-BDC6-72ED08E3155F}.Release|Any CPU.ActiveCfg = Release|Any CPU
		{749718DB-760A-4E6D-BDC6-72ED08E3155F}.Release|Any CPU.Build.0 = Release|Any CPU
	EndGlobalSection
	GlobalSection(SolutionProperties) = preSolution
		HideSolutionNode = FALSE
	EndGlobalSection
	GlobalSection(NestedProjects) = preSolution
		{5188636C-BAD3-4970-9463-84B1CC893569} = {A8A4B1BB-B35F-4415-9CD3-5D04B970C6FD}
		{D1A30FB5-73A1-4466-8F8E-2B1A578388A8} = {A8A4B1BB-B35F-4415-9CD3-5D04B970C6FD}
		{EA855541-1EFB-4136-8A14-910F446E630F} = {A8A4B1BB-B35F-4415-9CD3-5D04B970C6FD}
		{414338B1-8FE1-4EC0-B7A7-1C127936A2B3} = {A8A4B1BB-B35F-4415-9CD3-5D04B970C6FD}
		{8231AFA8-82FC-4D72-9024-0326EF4427BC} = {A8A4B1BB-B35F-4415-9CD3-5D04B970C6FD}
		{B2882935-928C-4627-B784-630C4887F2C3} = {A8A4B1BB-B35F-4415-9CD3-5D04B970C6FD}
		{AF044CB8-31EC-4569-BF00-7A91B2156E48} = {6EB0F37B-4561-4E4E-9F0B-6F6EF5B19E4A}
		{A9B75505-70C7-4477-8CF5-AF2044CBAD3D} = {6EB0F37B-4561-4E4E-9F0B-6F6EF5B19E4A}
		{7BB88201-E9CA-4346-AE1A-9C7E68C0A573} = {6EB0F37B-4561-4E4E-9F0B-6F6EF5B19E4A}
		{E20ED4AC-A55C-4F5C-9FAB-09AEC6173E19} = {6EB0F37B-4561-4E4E-9F0B-6F6EF5B19E4A}
		{B2F929CA-187C-409F-A4F6-814FE883ACC0} = {6EB0F37B-4561-4E4E-9F0B-6F6EF5B19E4A}
		{36978868-340E-413A-B79F-1C4554BAD7B0} = {6EB0F37B-4561-4E4E-9F0B-6F6EF5B19E4A}
		{749718DB-760A-4E6D-BDC6-72ED08E3155F} = {6EB0F37B-4561-4E4E-9F0B-6F6EF5B19E4A}
	EndGlobalSection
	GlobalSection(ExtensibilityGlobals) = postSolution
		SolutionGuid = {C437E175-7ACA-41D5-B55F-C444E909F2E3}
	EndGlobalSection
EndGlobal
