
Microsoft Visual Studio Solution File, Format Version 12.00
# Visual Studio Version 17
VisualStudioVersion = 17.6.33723.286
MinimumVisualStudioVersion = 10.0.40219.1
Project("{2150E333-8FDC-42A3-9474-1A3956D46DE8}") = "Creational Patern", "Creational Patern", "{A8A4B1BB-B35F-4415-9CD3-5D04B970C6FD}"
EndProject
Project("{FAE04EC0-301F-11D3-BF4B-00C04F79EFBC}") = "Pattern Singleton", "Pattern Singleton\Pattern Singleton.csproj", "{5188636C-BAD3-4970-9463-84B1CC893569}"
EndProject
Project("{FAE04EC0-301F-11D3-BF4B-00C04F79EFBC}") = "Factory Method", "Factory Method\Factory Method.csproj", "{D1A30FB5-73A1-4466-8F8E-2B1A578388A8}"
EndProject
Global
	GlobalSection(SolutionConfigurationPlatforms) = preSolution
		Debug|Any CPU = Debug|Any CPU
		Release|Any CPU = Release|Any CPU
	EndGlobalSection
	GlobalSection(ProjectConfigurationPlatforms) = postSolution
		{5188636C-BAD3-4970-9463-84B1CC893569}.Debug|Any CPU.ActiveCfg = Debug|Any CPU
		{5188636C-BAD3-4970-9463-84B1CC893569}.Debug|Any CPU.Build.0 = Debug|Any CPU
		{5188636C-BAD3-4970-9463-84B1CC893569}.Release|Any CPU.ActiveCfg = Release|Any CPU
		{5188636C-BAD3-4970-9463-84B1CC893569}.Release|Any CPU.Build.0 = Release|Any CPU
		{D1A30FB5-73A1-4466-8F8E-2B1A578388A8}.Debug|Any CPU.ActiveCfg = Debug|Any CPU
		{D1A30FB5-73A1-4466-8F8E-2B1A578388A8}.Debug|Any CPU.Build.0 = Debug|Any CPU
		{D1A30FB5-73A1-4466-8F8E-2B1A578388A8}.Release|Any CPU.ActiveCfg = Release|Any CPU
		{D1A30FB5-73A1-4466-8F8E-2B1A578388A8}.Release|Any CPU.Build.0 = Release|Any CPU
	EndGlobalSection
	GlobalSection(SolutionProperties) = preSolution
		HideSolutionNode = FALSE
	EndGlobalSection
	GlobalSection(NestedProjects) = preSolution
		{5188636C-BAD3-4970-9463-84B1CC893569} = {A8A4B1BB-B35F-4415-9CD3-5D04B970C6FD}
		{D1A30FB5-73A1-4466-8F8E-2B1A578388A8} = {A8A4B1BB-B35F-4415-9CD3-5D04B970C6FD}
	EndGlobalSection
	GlobalSection(ExtensibilityGlobals) = postSolution
		SolutionGuid = {C437E175-7ACA-41D5-B55F-C444E909F2E3}
	EndGlobalSection
EndGlobal
